
Microsoft Visual Studio Solution File, Format Version 12.00
# Visual Studio Version 17
VisualStudioVersion = 17.4.33110.190
MinimumVisualStudioVersion = 10.0.40219.1
Project("{FAE04EC0-301F-11D3-BF4B-00C04F79EFBC}") = "Calc", "Calc\Calc.csproj", "{7FBE657E-C205-4FD8-9ECB-2B613ECAC2F2}"
EndProject
Global
	GlobalSection(SolutionConfigurationPlatforms) = preSolution
		Debug|Any CPU = Debug|Any CPU
		Release|Any CPU = Release|Any CPU
	EndGlobalSection
	GlobalSection(ProjectConfigurationPlatforms) = postSolution
		{7FBE657E-C205-4FD8-9ECB-2B613ECAC2F2}.Debug|Any CPU.ActiveCfg = Debug|Any CPU
		{7FBE657E-C205-4FD8-9ECB-2B613ECAC2F2}.Debug|Any CPU.Build.0 = Debug|Any CPU
		{7FBE657E-C205-4FD8-9ECB-2B613ECAC2F2}.Release|Any CPU.ActiveCfg = Release|Any CPU
		{7FBE657E-C205-4FD8-9ECB-2B613ECAC2F2}.Release|Any CPU.Build.0 = Release|Any CPU
	EndGlobalSection
	GlobalSection(SolutionProperties) = preSolution
		HideSolutionNode = FALSE
	EndGlobalSection
	GlobalSection(ExtensibilityGlobals) = postSolution
		SolutionGuid = {625781E5-72E8-4A29-8C6D-F84C74425DF1}
	EndGlobalSection
EndGlobal
